
Microsoft Visual Studio Solution File, Format Version 12.00
# Visual Studio Version 17
VisualStudioVersion = 17.5.33516.290
MinimumVisualStudioVersion = 10.0.40219.1
Project("{9A19103F-16F7-4668-BE54-9A1E7A4F7556}") = "Appointment", "Appointment\Appointment.csproj", "{C198FCCD-72DF-4B29-8CD3-794AE715EC91}"
EndProject
Project("{9A19103F-16F7-4668-BE54-9A1E7A4F7556}") = "EntityLayer", "EntityLayer\EntityLayer.csproj", "{41B1B10F-4925-4263-A8FC-0B1D57DB1F65}"
EndProject
Project("{9A19103F-16F7-4668-BE54-9A1E7A4F7556}") = "DataAccessLayer", "DataAccessLayer\DataAccessLayer.csproj", "{C9581D8A-E590-4840-A1B5-2B9D8799A6D3}"
EndProject
Project("{9A19103F-16F7-4668-BE54-9A1E7A4F7556}") = "BusinesLayer", "BusinesLayer\BusinesLayer.csproj", "{0B70659B-799F-4D62-891A-B825189A55C2}"
EndProject
Project("{FAE04EC0-301F-11D3-BF4B-00C04F79EFBC}") = "AppointmentReminderr", "AppointmentReminderr\AppointmentReminderr.csproj", "{51B2D219-00FB-4F31-8FED-C7565F031EB7}"
EndProject
Global
	GlobalSection(SolutionConfigurationPlatforms) = preSolution
		Debug|Any CPU = Debug|Any CPU
		Release|Any CPU = Release|Any CPU
	EndGlobalSection
	GlobalSection(ProjectConfigurationPlatforms) = postSolution
		{C198FCCD-72DF-4B29-8CD3-794AE715EC91}.Debug|Any CPU.ActiveCfg = Debug|Any CPU
		{C198FCCD-72DF-4B29-8CD3-794AE715EC91}.Debug|Any CPU.Build.0 = Debug|Any CPU
		{C198FCCD-72DF-4B29-8CD3-794AE715EC91}.Release|Any CPU.ActiveCfg = Release|Any CPU
		{C198FCCD-72DF-4B29-8CD3-794AE715EC91}.Release|Any CPU.Build.0 = Release|Any CPU
		{41B1B10F-4925-4263-A8FC-0B1D57DB1F65}.Debug|Any CPU.ActiveCfg = Debug|Any CPU
		{41B1B10F-4925-4263-A8FC-0B1D57DB1F65}.Debug|Any CPU.Build.0 = Debug|Any CPU
		{41B1B10F-4925-4263-A8FC-0B1D57DB1F65}.Release|Any CPU.ActiveCfg = Release|Any CPU
		{41B1B10F-4925-4263-A8FC-0B1D57DB1F65}.Release|Any CPU.Build.0 = Release|Any CPU
		{C9581D8A-E590-4840-A1B5-2B9D8799A6D3}.Debug|Any CPU.ActiveCfg = Debug|Any CPU
		{C9581D8A-E590-4840-A1B5-2B9D8799A6D3}.Debug|Any CPU.Build.0 = Debug|Any CPU
		{C9581D8A-E590-4840-A1B5-2B9D8799A6D3}.Release|Any CPU.ActiveCfg = Release|Any CPU
		{C9581D8A-E590-4840-A1B5-2B9D8799A6D3}.Release|Any CPU.Build.0 = Release|Any CPU
		{0B70659B-799F-4D62-891A-B825189A55C2}.Debug|Any CPU.ActiveCfg = Debug|Any CPU
		{0B70659B-799F-4D62-891A-B825189A55C2}.Debug|Any CPU.Build.0 = Debug|Any CPU
		{0B70659B-799F-4D62-891A-B825189A55C2}.Release|Any CPU.ActiveCfg = Release|Any CPU
		{0B70659B-799F-4D62-891A-B825189A55C2}.Release|Any CPU.Build.0 = Release|Any CPU
		{51B2D219-00FB-4F31-8FED-C7565F031EB7}.Debug|Any CPU.ActiveCfg = Debug|Any CPU
		{51B2D219-00FB-4F31-8FED-C7565F031EB7}.Debug|Any CPU.Build.0 = Debug|Any CPU
		{51B2D219-00FB-4F31-8FED-C7565F031EB7}.Release|Any CPU.ActiveCfg = Release|Any CPU
		{51B2D219-00FB-4F31-8FED-C7565F031EB7}.Release|Any CPU.Build.0 = Release|Any CPU
	EndGlobalSection
	GlobalSection(SolutionProperties) = preSolution
		HideSolutionNode = FALSE
	EndGlobalSection
	GlobalSection(ExtensibilityGlobals) = postSolution
		SolutionGuid = {38613AAA-0864-456C-B38C-696CA6D085C2}
	EndGlobalSection
EndGlobal
